// !$*UTF8*$!
{
	archiveVersion = 1;
	classes = {
	};
	objectVersion = 55;
	objects = {

/* Begin PBXBuildFile section */
		046DD57F2B513ABC0025441A /* main.m in Sources */ = {isa = PBXBuildFile; fileRef = 046DD57E2B513ABC0025441A /* main.m */; };
		046DD5882B513BF10025441A /* Rectangle.m in Sources */ = {isa = PBXBuildFile; fileRef = 046DD5872B513BF10025441A /* Rectangle.m */; };
		046DD58A2B513E270025441A /* Figure.m in Sources */ = {isa = PBXBuildFile; fileRef = 046DD5892B513E270025441A /* Figure.m */; };
		046DD58D2B513EFA0025441A /* Circle.m in Sources */ = {isa = PBXBuildFile; fileRef = 046DD58C2B513EFA0025441A /* Circle.m */; };
		046DD5902B5161CC0025441A /* Triangle.m in Sources */ = {isa = PBXBuildFile; fileRef = 046DD58F2B5161CC0025441A /* Triangle.m */; };
/* End PBXBuildFile section */

/* Begin PBXCopyFilesBuildPhase section */
		046DD5792B513ABC0025441A /* CopyFiles */ = {
			isa = PBXCopyFilesBuildPhase;
			buildActionMask = 2147483647;
			dstPath = /usr/share/man/man1/;
			dstSubfolderSpec = 0;
			files = (
			);
			runOnlyForDeploymentPostprocessing = 1;
		};
/* End PBXCopyFilesBuildPhase section */

/* Begin PBXFileReference section */
		046DD57B2B513ABC0025441A /* HW2OC */ = {isa = PBXFileReference; explicitFileType = "compiled.mach-o.executable"; includeInIndex = 0; path = HW2OC; sourceTree = BUILT_PRODUCTS_DIR; };
		046DD57E2B513ABC0025441A /* main.m */ = {isa = PBXFileReference; lastKnownFileType = sourcecode.c.objc; path = main.m; sourceTree = "<group>"; };
		046DD5852B513B020025441A /* Figure.h */ = {isa = PBXFileReference; lastKnownFileType = sourcecode.c.h; path = Figure.h; sourceTree = "<group>"; };
		046DD5862B513BAB0025441A /* Rectangle.h */ = {isa = PBXFileReference; lastKnownFileType = sourcecode.c.h; path = Rectangle.h; sourceTree = "<group>"; };
		046DD5872B513BF10025441A /* Rectangle.m */ = {isa = PBXFileReference; lastKnownFileType = sourcecode.c.objc; path = Rectangle.m; sourceTree = "<group>"; };
		046DD5892B513E270025441A /* Figure.m */ = {isa = PBXFileReference; lastKnownFileType = sourcecode.c.objc; path = Figure.m; sourceTree = "<group>"; };
		046DD58B2B513EA40025441A /* Circle.h */ = {isa = PBXFileReference; lastKnownFileType = sourcecode.c.h; path = Circle.h; sourceTree = "<group>"; };
		046DD58C2B513EFA0025441A /* Circle.m */ = {isa = PBXFileReference; lastKnownFileType = sourcecode.c.objc; path = Circle.m; sourceTree = "<group>"; };
		046DD58E2B5161B20025441A /* Triangle.h */ = {isa = PBXFileReference; lastKnownFileType = sourcecode.c.h; path = Triangle.h; sourceTree = "<group>"; };
		046DD58F2B5161CC0025441A /* Triangle.m */ = {isa = PBXFileReference; lastKnownFileType = sourcecode.c.objc; path = Triangle.m; sourceTree = "<group>"; };
		046DD5912B5179390025441A /* FigureTypeEnum.h */ = {isa = PBXFileReference; lastKnownFileType = sourcecode.c.h; path = FigureTypeEnum.h; sourceTree = "<group>"; };
/* End PBXFileReference section */

/* Begin PBXFrameworksBuildPhase section */
		046DD5782B513ABC0025441A /* Frameworks */ = {
			isa = PBXFrameworksBuildPhase;
			buildActionMask = 2147483647;
			files = (
			);
			runOnlyForDeploymentPostprocessing = 0;
		};
/* End PBXFrameworksBuildPhase section */

/* Begin PBXGroup section */
		046DD5722B513ABC0025441A = {
			isa = PBXGroup;
			children = (
				046DD57D2B513ABC0025441A /* HW2OC */,
				046DD57C2B513ABC0025441A /* Products */,
			);
			sourceTree = "<group>";
		};
		046DD57C2B513ABC0025441A /* Products */ = {
			isa = PBXGroup;
			children = (
				046DD57B2B513ABC0025441A /* HW2OC */,
			);
			name = Products;
			sourceTree = "<group>";
		};
		046DD57D2B513ABC0025441A /* HW2OC */ = {
			isa = PBXGroup;
			children = (
				046DD57E2B513ABC0025441A /* main.m */,
				046DD5912B5179390025441A /* FigureTypeEnum.h */,
				046DD5852B513B020025441A /* Figure.h */,
				046DD5892B513E270025441A /* Figure.m */,
				046DD5862B513BAB0025441A /* Rectangle.h */,
				046DD5872B513BF10025441A /* Rectangle.m */,
				046DD58B2B513EA40025441A /* Circle.h */,
				046DD58C2B513EFA0025441A /* Circle.m */,
				046DD58E2B5161B20025441A /* Triangle.h */,
				046DD58F2B5161CC0025441A /* Triangle.m */,
			);
			path = HW2OC;
			sourceTree = "<group>";
		};
/* End PBXGroup section */

/* Begin PBXNativeTarget section */
		046DD57A2B513ABC0025441A /* HW2OC */ = {
			isa = PBXNativeTarget;
			buildConfigurationList = 046DD5822B513ABC0025441A /* Build configuration list for PBXNativeTarget "HW2OC" */;
			buildPhases = (
				046DD5772B513ABC0025441A /* Sources */,
				046DD5782B513ABC0025441A /* Frameworks */,
				046DD5792B513ABC0025441A /* CopyFiles */,
			);
			buildRules = (
			);
			dependencies = (
			);
			name = HW2OC;
			productName = HW2OC;
			productReference = 046DD57B2B513ABC0025441A /* HW2OC */;
			productType = "com.apple.product-type.tool";
		};
/* End PBXNativeTarget section */

/* Begin PBXProject section */
		046DD5732B513ABC0025441A /* Project object */ = {
			isa = PBXProject;
			attributes = {
				BuildIndependentTargetsInParallel = 1;
				LastUpgradeCheck = 1310;
				TargetAttributes = {
					046DD57A2B513ABC0025441A = {
						CreatedOnToolsVersion = 13.1;
					};
				};
			};
			buildConfigurationList = 046DD5762B513ABC0025441A /* Build configuration list for PBXProject "HW2OC" */;
			compatibilityVersion = "Xcode 13.0";
			developmentRegion = en;
			hasScannedForEncodings = 0;
			knownRegions = (
				en,
				Base,
			);
			mainGroup = 046DD5722B513ABC0025441A;
			productRefGroup = 046DD57C2B513ABC0025441A /* Products */;
			projectDirPath = "";
			projectRoot = "";
			targets = (
				046DD57A2B513ABC0025441A /* HW2OC */,
			);
		};
/* End PBXProject section */

/* Begin PBXSourcesBuildPhase section */
		046DD5772B513ABC0025441A /* Sources */ = {
			isa = PBXSourcesBuildPhase;
			buildActionMask = 2147483647;
			files = (
				046DD5902B5161CC0025441A /* Triangle.m in Sources */,
				046DD58A2B513E270025441A /* Figure.m in Sources */,
				046DD58D2B513EFA0025441A /* Circle.m in Sources */,
				046DD57F2B513ABC0025441A /* main.m in Sources */,
				046DD5882B513BF10025441A /* Rectangle.m in Sources */,
			);
			runOnlyForDeploymentPostprocessing = 0;
		};
/* End PBXSourcesBuildPhase section */

/* Begin XCBuildConfiguration section */
		046DD5802B513ABC0025441A /* Debug */ = {
			isa = XCBuildConfiguration;
			buildSettings = {
				ALWAYS_SEARCH_USER_PATHS = NO;
				CLANG_ANALYZER_NONNULL = YES;
				CLANG_ANALYZER_NUMBER_OBJECT_CONVERSION = YES_AGGRESSIVE;
				CLANG_CXX_LANGUAGE_STANDARD = "gnu++17";
				CLANG_CXX_LIBRARY = "libc++";
				CLANG_ENABLE_MODULES = YES;
				CLANG_ENABLE_OBJC_ARC = YES;
				CLANG_ENABLE_OBJC_WEAK = YES;
				CLANG_WARN_BLOCK_CAPTURE_AUTORELEASING = YES;
				CLANG_WARN_BOOL_CONVERSION = YES;
				CLANG_WARN_COMMA = YES;
				CLANG_WARN_CONSTANT_CONVERSION = YES;
				CLANG_WARN_DEPRECATED_OBJC_IMPLEMENTATIONS = YES;
				CLANG_WARN_DIRECT_OBJC_ISA_USAGE = YES_ERROR;
				CLANG_WARN_DOCUMENTATION_COMMENTS = YES;
				CLANG_WARN_EMPTY_BODY = YES;
				CLANG_WARN_ENUM_CONVERSION = YES;
				CLANG_WARN_INFINITE_RECURSION = YES;
				CLANG_WARN_INT_CONVERSION = YES;
				CLANG_WARN_NON_LITERAL_NULL_CONVERSION = YES;
				CLANG_WARN_OBJC_IMPLICIT_RETAIN_SELF = YES;
				CLANG_WARN_OBJC_LITERAL_CONVERSION = YES;
				CLANG_WARN_OBJC_ROOT_CLASS = YES_ERROR;
				CLANG_WARN_QUOTED_INCLUDE_IN_FRAMEWORK_HEADER = YES;
				CLANG_WARN_RANGE_LOOP_ANALYSIS = YES;
				CLANG_WARN_STRICT_PROTOTYPES = YES;
				CLANG_WARN_SUSPICIOUS_MOVE = YES;
				CLANG_WARN_UNGUARDED_AVAILABILITY = YES_AGGRESSIVE;
				CLANG_WARN_UNREACHABLE_CODE = YES;
				CLANG_WARN__DUPLICATE_METHOD_MATCH = YES;
				COPY_PHASE_STRIP = NO;
				DEBUG_INFORMATION_FORMAT = dwarf;
				ENABLE_STRICT_OBJC_MSGSEND = YES;
				ENABLE_TESTABILITY = YES;
				GCC_C_LANGUAGE_STANDARD = gnu11;
				GCC_DYNAMIC_NO_PIC = NO;
				GCC_NO_COMMON_BLOCKS = YES;
				GCC_OPTIMIZATION_LEVEL = 0;
				GCC_PREPROCESSOR_DEFINITIONS = (
					"DEBUG=1",
					"$(inherited)",
				);
				GCC_WARN_64_TO_32_BIT_CONVERSION = YES;
				GCC_WARN_ABOUT_RETURN_TYPE = YES_ERROR;
				GCC_WARN_UNDECLARED_SELECTOR = YES;
				GCC_WARN_UNINITIALIZED_AUTOS = YES_AGGRESSIVE;
				GCC_WARN_UNUSED_FUNCTION = YES;
				GCC_WARN_UNUSED_VARIABLE = YES;
				MACOSX_DEPLOYMENT_TARGET = 11.7;
				MTL_ENABLE_DEBUG_INFO = INCLUDE_SOURCE;
				MTL_FAST_MATH = YES;
				ONLY_ACTIVE_ARCH = YES;
				SDKROOT = macosx;
			};
			name = Debug;
		};
		046DD5812B513ABC0025441A /* Release */ = {
			isa = XCBuildConfiguration;
			buildSettings = {
				ALWAYS_SEARCH_USER_PATHS = NO;
				CLANG_ANALYZER_NONNULL = YES;
				CLANG_ANALYZER_NUMBER_OBJECT_CONVERSION = YES_AGGRESSIVE;
				CLANG_CXX_LANGUAGE_STANDARD = "gnu++17";
				CLANG_CXX_LIBRARY = "libc++";
				CLANG_ENABLE_MODULES = YES;
				CLANG_ENABLE_OBJC_ARC = YES;
				CLANG_ENABLE_OBJC_WEAK = YES;
				CLANG_WARN_BLOCK_CAPTURE_AUTORELEASING = YES;
				CLANG_WARN_BOOL_CONVERSION = YES;
				CLANG_WARN_COMMA = YES;
				CLANG_WARN_CONSTANT_CONVERSION = YES;
				CLANG_WARN_DEPRECATED_OBJC_IMPLEMENTATIONS = YES;
				CLANG_WARN_DIRECT_OBJC_ISA_USAGE = YES_ERROR;
				CLANG_WARN_DOCUMENTATION_COMMENTS = YES;
				CLANG_WARN_EMPTY_BODY = YES;
				CLANG_WARN_ENUM_CONVERSION = YES;
				CLANG_WARN_INFINITE_RECURSION = YES;
				CLANG_WARN_INT_CONVERSION = YES;
				CLANG_WARN_NON_LITERAL_NULL_CONVERSION = YES;
				CLANG_WARN_OBJC_IMPLICIT_RETAIN_SELF = YES;
				CLANG_WARN_OBJC_LITERAL_CONVERSION = YES;
				CLANG_WARN_OBJC_ROOT_CLASS = YES_ERROR;
				CLANG_WARN_QUOTED_INCLUDE_IN_FRAMEWORK_HEADER = YES;
				CLANG_WARN_RANGE_LOOP_ANALYSIS = YES;
				CLANG_WARN_STRICT_PROTOTYPES = YES;
				CLANG_WARN_SUSPICIOUS_MOVE = YES;
				CLANG_WARN_UNGUARDED_AVAILABILITY = YES_AGGRESSIVE;
				CLANG_WARN_UNREACHABLE_CODE = YES;
				CLANG_WARN__DUPLICATE_METHOD_MATCH = YES;
				COPY_PHASE_STRIP = NO;
				DEBUG_INFORMATION_FORMAT = "dwarf-with-dsym";
				ENABLE_NS_ASSERTIONS = NO;
				ENABLE_STRICT_OBJC_MSGSEND = YES;
				GCC_C_LANGUAGE_STANDARD = gnu11;
				GCC_NO_COMMON_BLOCKS = YES;
				GCC_WARN_64_TO_32_BIT_CONVERSION = YES;
				GCC_WARN_ABOUT_RETURN_TYPE = YES_ERROR;
				GCC_WARN_UNDECLARED_SELECTOR = YES;
				GCC_WARN_UNINITIALIZED_AUTOS = YES_AGGRESSIVE;
				GCC_WARN_UNUSED_FUNCTION = YES;
				GCC_WARN_UNUSED_VARIABLE = YES;
				MACOSX_DEPLOYMENT_TARGET = 11.7;
				MTL_ENABLE_DEBUG_INFO = NO;
				MTL_FAST_MATH = YES;
				SDKROOT = macosx;
			};
			name = Release;
		};
		046DD5832B513ABC0025441A /* Debug */ = {
			isa = XCBuildConfiguration;
			buildSettings = {
				CODE_SIGN_STYLE = Automatic;
				PRODUCT_NAME = "$(TARGET_NAME)";
			};
			name = Debug;
		};
		046DD5842B513ABC0025441A /* Release */ = {
			isa = XCBuildConfiguration;
			buildSettings = {
				CODE_SIGN_STYLE = Automatic;
				PRODUCT_NAME = "$(TARGET_NAME)";
			};
			name = Release;
		};
/* End XCBuildConfiguration section */

/* Begin XCConfigurationList section */
		046DD5762B513ABC0025441A /* Build configuration list for PBXProject "HW2OC" */ = {
			isa = XCConfigurationList;
			buildConfigurations = (
				046DD5802B513ABC0025441A /* Debug */,
				046DD5812B513ABC0025441A /* Release */,
			);
			defaultConfigurationIsVisible = 0;
			defaultConfigurationName = Release;
		};
		046DD5822B513ABC0025441A /* Build configuration list for PBXNativeTarget "HW2OC" */ = {
			isa = XCConfigurationList;
			buildConfigurations = (
				046DD5832B513ABC0025441A /* Debug */,
				046DD5842B513ABC0025441A /* Release */,
			);
			defaultConfigurationIsVisible = 0;
			defaultConfigurationName = Release;
		};
/* End XCConfigurationList section */
	};
	rootObject = 046DD5732B513ABC0025441A /* Project object */;
}
