// !$*UTF8*$!
{
	archiveVersion = 1;
	classes = {
	};
	objectVersion = 55;
	objects = {

/* Begin PBXBuildFile section */
		045C2A702B21B83900A94924 /* AppDelegate.swift in Sources */ = {isa = PBXBuildFile; fileRef = 045C2A6F2B21B83900A94924 /* AppDelegate.swift */; };
		045C2A722B21B83900A94924 /* SceneDelegate.swift in Sources */ = {isa = PBXBuildFile; fileRef = 045C2A712B21B83900A94924 /* SceneDelegate.swift */; };
		045C2A742B21B83900A94924 /* ViewController.swift in Sources */ = {isa = PBXBuildFile; fileRef = 045C2A732B21B83900A94924 /* ViewController.swift */; };
		045C2A792B21B84B00A94924 /* Assets.xcassets in Resources */ = {isa = PBXBuildFile; fileRef = 045C2A782B21B84B00A94924 /* Assets.xcassets */; };
		045C2A7C2B21B84B00A94924 /* LaunchScreen.storyboard in Resources */ = {isa = PBXBuildFile; fileRef = 045C2A7A2B21B84B00A94924 /* LaunchScreen.storyboard */; };
		045C2A842B21B90600A94924 /* CardCollectionViewFlowLayout.swift in Sources */ = {isa = PBXBuildFile; fileRef = 045C2A832B21B90600A94924 /* CardCollectionViewFlowLayout.swift */; };
		045C2A862B21B95800A94924 /* FriendsViewController.swift in Sources */ = {isa = PBXBuildFile; fileRef = 045C2A852B21B95800A94924 /* FriendsViewController.swift */; };
		045C2A882B21B99300A94924 /* GroupsViewController.swift in Sources */ = {isa = PBXBuildFile; fileRef = 045C2A872B21B99300A94924 /* GroupsViewController.swift */; };
		045C2A8A2B21B9F200A94924 /* PhotoCell.swift in Sources */ = {isa = PBXBuildFile; fileRef = 045C2A892B21B9F200A94924 /* PhotoCell.swift */; };
		045C2A8C2B21BA3400A94924 /* PhotoViewController.swift in Sources */ = {isa = PBXBuildFile; fileRef = 045C2A8B2B21BA3400A94924 /* PhotoViewController.swift */; };
		045C2A8E2B21BAA000A94924 /* TabBarController.swift in Sources */ = {isa = PBXBuildFile; fileRef = 045C2A8D2B21BAA000A94924 /* TabBarController.swift */; };
		045C2A902B21BDE100A94924 /* ConstraintFactory.swift in Sources */ = {isa = PBXBuildFile; fileRef = 045C2A8F2B21BDE000A94924 /* ConstraintFactory.swift */; };
		047CB04D2B24E1A300B7EF21 /* PhotoRequestManager.swift in Sources */ = {isa = PBXBuildFile; fileRef = 047CB04C2B24E1A200B7EF21 /* PhotoRequestManager.swift */; };
		0494C84A2B21EEEF00B70B63 /* _WebViewController.swift in Sources */ = {isa = PBXBuildFile; fileRef = 0494C8492B21EEEE00B70B63 /* _WebViewController.swift */; };
		04CB309B2B238FF200AB4CF9 /* FriendsRequestManager.swift in Sources */ = {isa = PBXBuildFile; fileRef = 04CB309A2B238FF200AB4CF9 /* FriendsRequestManager.swift */; };
		04CB309D2B23B71C00AB4CF9 /* GroupsRequestManager.swift in Sources */ = {isa = PBXBuildFile; fileRef = 04CB309C2B23B71C00AB4CF9 /* GroupsRequestManager.swift */; };
		04CB309F2B23CF9D00AB4CF9 /* TokenManager.swift in Sources */ = {isa = PBXBuildFile; fileRef = 04CB309E2B23CF9C00AB4CF9 /* TokenManager.swift */; };
/* End PBXBuildFile section */

/* Begin PBXFileReference section */
		045C2A6C2B21B83900A94924 /* HW3.app */ = {isa = PBXFileReference; explicitFileType = wrapper.application; includeInIndex = 0; path = HW3.app; sourceTree = BUILT_PRODUCTS_DIR; };
		045C2A6F2B21B83900A94924 /* AppDelegate.swift */ = {isa = PBXFileReference; lastKnownFileType = sourcecode.swift; path = AppDelegate.swift; sourceTree = "<group>"; };
		045C2A712B21B83900A94924 /* SceneDelegate.swift */ = {isa = PBXFileReference; lastKnownFileType = sourcecode.swift; path = SceneDelegate.swift; sourceTree = "<group>"; };
		045C2A732B21B83900A94924 /* ViewController.swift */ = {isa = PBXFileReference; lastKnownFileType = sourcecode.swift; path = ViewController.swift; sourceTree = "<group>"; };
		045C2A782B21B84B00A94924 /* Assets.xcassets */ = {isa = PBXFileReference; lastKnownFileType = folder.assetcatalog; path = Assets.xcassets; sourceTree = "<group>"; };
		045C2A7B2B21B84B00A94924 /* Base */ = {isa = PBXFileReference; lastKnownFileType = file.storyboard; name = Base; path = Base.lproj/LaunchScreen.storyboard; sourceTree = "<group>"; };
		045C2A7D2B21B84B00A94924 /* Info.plist */ = {isa = PBXFileReference; lastKnownFileType = text.plist.xml; path = Info.plist; sourceTree = "<group>"; };
		045C2A832B21B90600A94924 /* CardCollectionViewFlowLayout.swift */ = {isa = PBXFileReference; lastKnownFileType = sourcecode.swift; path = CardCollectionViewFlowLayout.swift; sourceTree = "<group>"; };
		045C2A852B21B95800A94924 /* FriendsViewController.swift */ = {isa = PBXFileReference; lastKnownFileType = sourcecode.swift; path = FriendsViewController.swift; sourceTree = "<group>"; };
		045C2A872B21B99300A94924 /* GroupsViewController.swift */ = {isa = PBXFileReference; lastKnownFileType = sourcecode.swift; path = GroupsViewController.swift; sourceTree = "<group>"; };
		045C2A892B21B9F200A94924 /* PhotoCell.swift */ = {isa = PBXFileReference; lastKnownFileType = sourcecode.swift; path = PhotoCell.swift; sourceTree = "<group>"; };
		045C2A8B2B21BA3400A94924 /* PhotoViewController.swift */ = {isa = PBXFileReference; lastKnownFileType = sourcecode.swift; path = PhotoViewController.swift; sourceTree = "<group>"; };
		045C2A8D2B21BAA000A94924 /* TabBarController.swift */ = {isa = PBXFileReference; lastKnownFileType = sourcecode.swift; path = TabBarController.swift; sourceTree = "<group>"; };
		045C2A8F2B21BDE000A94924 /* ConstraintFactory.swift */ = {isa = PBXFileReference; lastKnownFileType = sourcecode.swift; path = ConstraintFactory.swift; sourceTree = "<group>"; };
		047CB04C2B24E1A200B7EF21 /* PhotoRequestManager.swift */ = {isa = PBXFileReference; lastKnownFileType = sourcecode.swift; path = PhotoRequestManager.swift; sourceTree = "<group>"; };
		0494C8492B21EEEE00B70B63 /* _WebViewController.swift */ = {isa = PBXFileReference; lastKnownFileType = sourcecode.swift; path = _WebViewController.swift; sourceTree = "<group>"; };
		04CB309A2B238FF200AB4CF9 /* FriendsRequestManager.swift */ = {isa = PBXFileReference; lastKnownFileType = sourcecode.swift; path = FriendsRequestManager.swift; sourceTree = "<group>"; };
		04CB309C2B23B71C00AB4CF9 /* GroupsRequestManager.swift */ = {isa = PBXFileReference; lastKnownFileType = sourcecode.swift; path = GroupsRequestManager.swift; sourceTree = "<group>"; };
		04CB309E2B23CF9C00AB4CF9 /* TokenManager.swift */ = {isa = PBXFileReference; lastKnownFileType = sourcecode.swift; path = TokenManager.swift; sourceTree = "<group>"; };
/* End PBXFileReference section */

/* Begin PBXFrameworksBuildPhase section */
		045C2A692B21B83800A94924 /* Frameworks */ = {
			isa = PBXFrameworksBuildPhase;
			buildActionMask = 2147483647;
			files = (
			);
			runOnlyForDeploymentPostprocessing = 0;
		};
/* End PBXFrameworksBuildPhase section */

/* Begin PBXGroup section */
		045C2A632B21B83800A94924 = {
			isa = PBXGroup;
			children = (
				045C2A6E2B21B83900A94924 /* HW3 */,
				045C2A6D2B21B83900A94924 /* Products */,
			);
			sourceTree = "<group>";
		};
		045C2A6D2B21B83900A94924 /* Products */ = {
			isa = PBXGroup;
			children = (
				045C2A6C2B21B83900A94924 /* HW3.app */,
			);
			name = Products;
			sourceTree = "<group>";
		};
		045C2A6E2B21B83900A94924 /* HW3 */ = {
			isa = PBXGroup;
			children = (
				048820812B263CE20063C725 /* RequestManager */,
				045C2A6F2B21B83900A94924 /* AppDelegate.swift */,
				045C2A712B21B83900A94924 /* SceneDelegate.swift */,
				045C2A732B21B83900A94924 /* ViewController.swift */,
				045C2A8D2B21BAA000A94924 /* TabBarController.swift */,
				045C2A852B21B95800A94924 /* FriendsViewController.swift */,
				045C2A872B21B99300A94924 /* GroupsViewController.swift */,
				045C2A8B2B21BA3400A94924 /* PhotoViewController.swift */,
				045C2A832B21B90600A94924 /* CardCollectionViewFlowLayout.swift */,
				045C2A892B21B9F200A94924 /* PhotoCell.swift */,
				045C2A8F2B21BDE000A94924 /* ConstraintFactory.swift */,
				04CB309E2B23CF9C00AB4CF9 /* TokenManager.swift */,
				0494C8492B21EEEE00B70B63 /* _WebViewController.swift */,
				045C2A7A2B21B84B00A94924 /* LaunchScreen.storyboard */,
				045C2A782B21B84B00A94924 /* Assets.xcassets */,
				045C2A7D2B21B84B00A94924 /* Info.plist */,
			);
			path = HW3;
			sourceTree = "<group>";
		};
		048820812B263CE20063C725 /* RequestManager */ = {
			isa = PBXGroup;
			children = (
				047CB04C2B24E1A200B7EF21 /* PhotoRequestManager.swift */,
				04CB309C2B23B71C00AB4CF9 /* GroupsRequestManager.swift */,
				04CB309A2B238FF200AB4CF9 /* FriendsRequestManager.swift */,
			);
			path = RequestManager;
			sourceTree = "<group>";
		};
/* End PBXGroup section */

/* Begin PBXNativeTarget section */
		045C2A6B2B21B83800A94924 /* HW3 */ = {
			isa = PBXNativeTarget;
			buildConfigurationList = 045C2A802B21B84B00A94924 /* Build configuration list for PBXNativeTarget "HW3" */;
			buildPhases = (
				045C2A682B21B83800A94924 /* Sources */,
				045C2A692B21B83800A94924 /* Frameworks */,
				045C2A6A2B21B83800A94924 /* Resources */,
			);
			buildRules = (
			);
			dependencies = (
			);
			name = HW3;
			productName = HW3;
			productReference = 045C2A6C2B21B83900A94924 /* HW3.app */;
			productType = "com.apple.product-type.application";
		};
/* End PBXNativeTarget section */

/* Begin PBXProject section */
		045C2A642B21B83800A94924 /* Project object */ = {
			isa = PBXProject;
			attributes = {
				BuildIndependentTargetsInParallel = 1;
				LastSwiftUpdateCheck = 1310;
				LastUpgradeCheck = 1310;
				TargetAttributes = {
					045C2A6B2B21B83800A94924 = {
						CreatedOnToolsVersion = 13.1;
					};
				};
			};
			buildConfigurationList = 045C2A672B21B83800A94924 /* Build configuration list for PBXProject "HW3" */;
			compatibilityVersion = "Xcode 13.0";
			developmentRegion = en;
			hasScannedForEncodings = 0;
			knownRegions = (
				en,
				Base,
			);
			mainGroup = 045C2A632B21B83800A94924;
			productRefGroup = 045C2A6D2B21B83900A94924 /* Products */;
			projectDirPath = "";
			projectRoot = "";
			targets = (
				045C2A6B2B21B83800A94924 /* HW3 */,
			);
		};
/* End PBXProject section */

/* Begin PBXResourcesBuildPhase section */
		045C2A6A2B21B83800A94924 /* Resources */ = {
			isa = PBXResourcesBuildPhase;
			buildActionMask = 2147483647;
			files = (
				045C2A7C2B21B84B00A94924 /* LaunchScreen.storyboard in Resources */,
				045C2A792B21B84B00A94924 /* Assets.xcassets in Resources */,
			);
			runOnlyForDeploymentPostprocessing = 0;
		};
/* End PBXResourcesBuildPhase section */

/* Begin PBXSourcesBuildPhase section */
		045C2A682B21B83800A94924 /* Sources */ = {
			isa = PBXSourcesBuildPhase;
			buildActionMask = 2147483647;
			files = (
				045C2A8A2B21B9F200A94924 /* PhotoCell.swift in Sources */,
				0494C84A2B21EEEF00B70B63 /* _WebViewController.swift in Sources */,
				045C2A882B21B99300A94924 /* GroupsViewController.swift in Sources */,
				04CB309B2B238FF200AB4CF9 /* FriendsRequestManager.swift in Sources */,
				047CB04D2B24E1A300B7EF21 /* PhotoRequestManager.swift in Sources */,
				045C2A842B21B90600A94924 /* CardCollectionViewFlowLayout.swift in Sources */,
				045C2A8E2B21BAA000A94924 /* TabBarController.swift in Sources */,
				045C2A862B21B95800A94924 /* FriendsViewController.swift in Sources */,
				045C2A742B21B83900A94924 /* ViewController.swift in Sources */,
				045C2A8C2B21BA3400A94924 /* PhotoViewController.swift in Sources */,
				045C2A702B21B83900A94924 /* AppDelegate.swift in Sources */,
				045C2A722B21B83900A94924 /* SceneDelegate.swift in Sources */,
				04CB309D2B23B71C00AB4CF9 /* GroupsRequestManager.swift in Sources */,
				045C2A902B21BDE100A94924 /* ConstraintFactory.swift in Sources */,
				04CB309F2B23CF9D00AB4CF9 /* TokenManager.swift in Sources */,
			);
			runOnlyForDeploymentPostprocessing = 0;
		};
/* End PBXSourcesBuildPhase section */

/* Begin PBXVariantGroup section */
		045C2A7A2B21B84B00A94924 /* LaunchScreen.storyboard */ = {
			isa = PBXVariantGroup;
			children = (
				045C2A7B2B21B84B00A94924 /* Base */,
			);
			name = LaunchScreen.storyboard;
			sourceTree = "<group>";
		};
/* End PBXVariantGroup section */

/* Begin XCBuildConfiguration section */
		045C2A7E2B21B84B00A94924 /* Debug */ = {
			isa = XCBuildConfiguration;
			buildSettings = {
				ALWAYS_SEARCH_USER_PATHS = NO;
				CLANG_ANALYZER_NONNULL = YES;
				CLANG_ANALYZER_NUMBER_OBJECT_CONVERSION = YES_AGGRESSIVE;
				CLANG_CXX_LANGUAGE_STANDARD = "gnu++17";
				CLANG_CXX_LIBRARY = "libc++";
				CLANG_ENABLE_MODULES = YES;
				CLANG_ENABLE_OBJC_ARC = YES;
				CLANG_ENABLE_OBJC_WEAK = YES;
				CLANG_WARN_BLOCK_CAPTURE_AUTORELEASING = YES;
				CLANG_WARN_BOOL_CONVERSION = YES;
				CLANG_WARN_COMMA = YES;
				CLANG_WARN_CONSTANT_CONVERSION = YES;
				CLANG_WARN_DEPRECATED_OBJC_IMPLEMENTATIONS = YES;
				CLANG_WARN_DIRECT_OBJC_ISA_USAGE = YES_ERROR;
				CLANG_WARN_DOCUMENTATION_COMMENTS = YES;
				CLANG_WARN_EMPTY_BODY = YES;
				CLANG_WARN_ENUM_CONVERSION = YES;
				CLANG_WARN_INFINITE_RECURSION = YES;
				CLANG_WARN_INT_CONVERSION = YES;
				CLANG_WARN_NON_LITERAL_NULL_CONVERSION = YES;
				CLANG_WARN_OBJC_IMPLICIT_RETAIN_SELF = YES;
				CLANG_WARN_OBJC_LITERAL_CONVERSION = YES;
				CLANG_WARN_OBJC_ROOT_CLASS = YES_ERROR;
				CLANG_WARN_QUOTED_INCLUDE_IN_FRAMEWORK_HEADER = YES;
				CLANG_WARN_RANGE_LOOP_ANALYSIS = YES;
				CLANG_WARN_STRICT_PROTOTYPES = YES;
				CLANG_WARN_SUSPICIOUS_MOVE = YES;
				CLANG_WARN_UNGUARDED_AVAILABILITY = YES_AGGRESSIVE;
				CLANG_WARN_UNREACHABLE_CODE = YES;
				CLANG_WARN__DUPLICATE_METHOD_MATCH = YES;
				COPY_PHASE_STRIP = NO;
				DEBUG_INFORMATION_FORMAT = dwarf;
				ENABLE_STRICT_OBJC_MSGSEND = YES;
				ENABLE_TESTABILITY = YES;
				GCC_C_LANGUAGE_STANDARD = gnu11;
				GCC_DYNAMIC_NO_PIC = NO;
				GCC_NO_COMMON_BLOCKS = YES;
				GCC_OPTIMIZATION_LEVEL = 0;
				GCC_PREPROCESSOR_DEFINITIONS = (
					"DEBUG=1",
					"$(inherited)",
				);
				GCC_WARN_64_TO_32_BIT_CONVERSION = YES;
				GCC_WARN_ABOUT_RETURN_TYPE = YES_ERROR;
				GCC_WARN_UNDECLARED_SELECTOR = YES;
				GCC_WARN_UNINITIALIZED_AUTOS = YES_AGGRESSIVE;
				GCC_WARN_UNUSED_FUNCTION = YES;
				GCC_WARN_UNUSED_VARIABLE = YES;
				IPHONEOS_DEPLOYMENT_TARGET = 15.0;
				MTL_ENABLE_DEBUG_INFO = INCLUDE_SOURCE;
				MTL_FAST_MATH = YES;
				ONLY_ACTIVE_ARCH = YES;
				SDKROOT = iphoneos;
				SWIFT_ACTIVE_COMPILATION_CONDITIONS = DEBUG;
				SWIFT_OPTIMIZATION_LEVEL = "-Onone";
			};
			name = Debug;
		};
		045C2A7F2B21B84B00A94924 /* Release */ = {
			isa = XCBuildConfiguration;
			buildSettings = {
				ALWAYS_SEARCH_USER_PATHS = NO;
				CLANG_ANALYZER_NONNULL = YES;
				CLANG_ANALYZER_NUMBER_OBJECT_CONVERSION = YES_AGGRESSIVE;
				CLANG_CXX_LANGUAGE_STANDARD = "gnu++17";
				CLANG_CXX_LIBRARY = "libc++";
				CLANG_ENABLE_MODULES = YES;
				CLANG_ENABLE_OBJC_ARC = YES;
				CLANG_ENABLE_OBJC_WEAK = YES;
				CLANG_WARN_BLOCK_CAPTURE_AUTORELEASING = YES;
				CLANG_WARN_BOOL_CONVERSION = YES;
				CLANG_WARN_COMMA = YES;
				CLANG_WARN_CONSTANT_CONVERSION = YES;
				CLANG_WARN_DEPRECATED_OBJC_IMPLEMENTATIONS = YES;
				CLANG_WARN_DIRECT_OBJC_ISA_USAGE = YES_ERROR;
				CLANG_WARN_DOCUMENTATION_COMMENTS = YES;
				CLANG_WARN_EMPTY_BODY = YES;
				CLANG_WARN_ENUM_CONVERSION = YES;
				CLANG_WARN_INFINITE_RECURSION = YES;
				CLANG_WARN_INT_CONVERSION = YES;
				CLANG_WARN_NON_LITERAL_NULL_CONVERSION = YES;
				CLANG_WARN_OBJC_IMPLICIT_RETAIN_SELF = YES;
				CLANG_WARN_OBJC_LITERAL_CONVERSION = YES;
				CLANG_WARN_OBJC_ROOT_CLASS = YES_ERROR;
				CLANG_WARN_QUOTED_INCLUDE_IN_FRAMEWORK_HEADER = YES;
				CLANG_WARN_RANGE_LOOP_ANALYSIS = YES;
				CLANG_WARN_STRICT_PROTOTYPES = YES;
				CLANG_WARN_SUSPICIOUS_MOVE = YES;
				CLANG_WARN_UNGUARDED_AVAILABILITY = YES_AGGRESSIVE;
				CLANG_WARN_UNREACHABLE_CODE = YES;
				CLANG_WARN__DUPLICATE_METHOD_MATCH = YES;
				COPY_PHASE_STRIP = NO;
				DEBUG_INFORMATION_FORMAT = "dwarf-with-dsym";
				ENABLE_NS_ASSERTIONS = NO;
				ENABLE_STRICT_OBJC_MSGSEND = YES;
				GCC_C_LANGUAGE_STANDARD = gnu11;
				GCC_NO_COMMON_BLOCKS = YES;
				GCC_WARN_64_TO_32_BIT_CONVERSION = YES;
				GCC_WARN_ABOUT_RETURN_TYPE = YES_ERROR;
				GCC_WARN_UNDECLARED_SELECTOR = YES;
				GCC_WARN_UNINITIALIZED_AUTOS = YES_AGGRESSIVE;
				GCC_WARN_UNUSED_FUNCTION = YES;
				GCC_WARN_UNUSED_VARIABLE = YES;
				IPHONEOS_DEPLOYMENT_TARGET = 15.0;
				MTL_ENABLE_DEBUG_INFO = NO;
				MTL_FAST_MATH = YES;
				SDKROOT = iphoneos;
				SWIFT_COMPILATION_MODE = wholemodule;
				SWIFT_OPTIMIZATION_LEVEL = "-O";
				VALIDATE_PRODUCT = YES;
			};
			name = Release;
		};
		045C2A812B21B84B00A94924 /* Debug */ = {
			isa = XCBuildConfiguration;
			buildSettings = {
				ASSETCATALOG_COMPILER_APPICON_NAME = AppIcon;
				ASSETCATALOG_COMPILER_GLOBAL_ACCENT_COLOR_NAME = AccentColor;
				CODE_SIGN_STYLE = Automatic;
				CURRENT_PROJECT_VERSION = 1;
				GENERATE_INFOPLIST_FILE = YES;
				INFOPLIST_FILE = HW3/Info.plist;
				INFOPLIST_KEY_UIApplicationSupportsIndirectInputEvents = YES;
				INFOPLIST_KEY_UILaunchStoryboardName = LaunchScreen;
				INFOPLIST_KEY_UISupportedInterfaceOrientations = "UIInterfaceOrientationPortrait UIInterfaceOrientationLandscapeLeft UIInterfaceOrientationLandscapeRight";
				INFOPLIST_KEY_UISupportedInterfaceOrientations_iPad = "UIInterfaceOrientationPortrait UIInterfaceOrientationPortraitUpsideDown UIInterfaceOrientationLandscapeLeft UIInterfaceOrientationLandscapeRight";
				INFOPLIST_KEY_UISupportedInterfaceOrientations_iPhone = "UIInterfaceOrientationPortrait UIInterfaceOrientationLandscapeLeft UIInterfaceOrientationLandscapeRight";
				LD_RUNPATH_SEARCH_PATHS = (
					"$(inherited)",
					"@executable_path/Frameworks",
				);
				MARKETING_VERSION = 1.0;
				PRODUCT_BUNDLE_IDENTIFIER = GB3294.HW3;
				PRODUCT_NAME = "$(TARGET_NAME)";
				SWIFT_EMIT_LOC_STRINGS = YES;
				SWIFT_VERSION = 5.0;
				TARGETED_DEVICE_FAMILY = 1;
			};
			name = Debug;
		};
		045C2A822B21B84B00A94924 /* Release */ = {
			isa = XCBuildConfiguration;
			buildSettings = {
				ASSETCATALOG_COMPILER_APPICON_NAME = AppIcon;
				ASSETCATALOG_COMPILER_GLOBAL_ACCENT_COLOR_NAME = AccentColor;
				CODE_SIGN_STYLE = Automatic;
				CURRENT_PROJECT_VERSION = 1;
				GENERATE_INFOPLIST_FILE = YES;
				INFOPLIST_FILE = HW3/Info.plist;
				INFOPLIST_KEY_UIApplicationSupportsIndirectInputEvents = YES;
				INFOPLIST_KEY_UILaunchStoryboardName = LaunchScreen;
				INFOPLIST_KEY_UISupportedInterfaceOrientations = "UIInterfaceOrientationPortrait UIInterfaceOrientationLandscapeLeft UIInterfaceOrientationLandscapeRight";
				INFOPLIST_KEY_UISupportedInterfaceOrientations_iPad = "UIInterfaceOrientationPortrait UIInterfaceOrientationPortraitUpsideDown UIInterfaceOrientationLandscapeLeft UIInterfaceOrientationLandscapeRight";
				INFOPLIST_KEY_UISupportedInterfaceOrientations_iPhone = "UIInterfaceOrientationPortrait UIInterfaceOrientationLandscapeLeft UIInterfaceOrientationLandscapeRight";
				LD_RUNPATH_SEARCH_PATHS = (
					"$(inherited)",
					"@executable_path/Frameworks",
				);
				MARKETING_VERSION = 1.0;
				PRODUCT_BUNDLE_IDENTIFIER = GB3294.HW3;
				PRODUCT_NAME = "$(TARGET_NAME)";
				SWIFT_EMIT_LOC_STRINGS = YES;
				SWIFT_VERSION = 5.0;
				TARGETED_DEVICE_FAMILY = 1;
			};
			name = Release;
		};
/* End XCBuildConfiguration section */

/* Begin XCConfigurationList section */
		045C2A672B21B83800A94924 /* Build configuration list for PBXProject "HW3" */ = {
			isa = XCConfigurationList;
			buildConfigurations = (
				045C2A7E2B21B84B00A94924 /* Debug */,
				045C2A7F2B21B84B00A94924 /* Release */,
			);
			defaultConfigurationIsVisible = 0;
			defaultConfigurationName = Release;
		};
		045C2A802B21B84B00A94924 /* Build configuration list for PBXNativeTarget "HW3" */ = {
			isa = XCConfigurationList;
			buildConfigurations = (
				045C2A812B21B84B00A94924 /* Debug */,
				045C2A822B21B84B00A94924 /* Release */,
			);
			defaultConfigurationIsVisible = 0;
			defaultConfigurationName = Release;
		};
/* End XCConfigurationList section */
	};
	rootObject = 045C2A642B21B83800A94924 /* Project object */;
}
